
Microsoft Visual Studio Solution File, Format Version 11.00
# Visual Studio 2010
Project("{FAE04EC0-301F-11D3-BF4B-00C04F79EFBC}") = "AstarPathfindingProject", "AstarPathfindingProject.csproj", "{A6C72BCE-F9B3-579C-E0D7-607FCF8E4041}"
EndProject
Project("{FAE04EC0-301F-11D3-BF4B-00C04F79EFBC}") = "Assembly-CSharp", "Assembly-CSharp.csproj", "{0336C2FB-0DC3-2314-F8BE-4CCFA4CAB11D}"
EndProject
Project("{FAE04EC0-301F-11D3-BF4B-00C04F79EFBC}") = "Unity.2D.Tilemap.Extras", "Unity.2D.Tilemap.Extras.csproj", "{11239451-3323-4102-5A6E-7D292A749BAF}"
EndProject
Project("{FAE04EC0-301F-11D3-BF4B-00C04F79EFBC}") = "AstarPathfindingProjectEditor", "AstarPathfindingProjectEditor.csproj", "{CEE5E38C-4081-8D97-EF55-3977FF81C3C4}"
EndProject
Project("{FAE04EC0-301F-11D3-BF4B-00C04F79EFBC}") = "Unity.2D.Tilemap.Extras.Editor", "Unity.2D.Tilemap.Extras.Editor.csproj", "{C54F1BCC-0158-1EFE-8FF1-5FCACA39CF7F}"
EndProject
Project("{FAE04EC0-301F-11D3-BF4B-00C04F79EFBC}") = "PackageToolsEditor", "PackageToolsEditor.csproj", "{9E63863F-446A-BCC6-392F-A3144D6E0F2F}"
EndProject
Project("{FAE04EC0-301F-11D3-BF4B-00C04F79EFBC}") = "Unity.2D.Tilemap.Extras.Placeholder.EditorTests", "Unity.2D.Tilemap.Extras.Placeholder.EditorTests.csproj", "{407F70ED-BADD-6CD2-1957-1B10E2387DF4}"
EndProject
Global
	GlobalSection(SolutionConfigurationPlatforms) = preSolution
		Debug|Any CPU = Debug|Any CPU
		Release|Any CPU = Release|Any CPU
	EndGlobalSection
	GlobalSection(ProjectConfigurationPlatforms) = postSolution
		{A6C72BCE-F9B3-579C-E0D7-607FCF8E4041}.Debug|Any CPU.ActiveCfg = Debug|Any CPU
		{A6C72BCE-F9B3-579C-E0D7-607FCF8E4041}.Debug|Any CPU.Build.0 = Debug|Any CPU
		{A6C72BCE-F9B3-579C-E0D7-607FCF8E4041}.Release|Any CPU.ActiveCfg = Release|Any CPU
		{A6C72BCE-F9B3-579C-E0D7-607FCF8E4041}.Release|Any CPU.Build.0 = Release|Any CPU
		{0336C2FB-0DC3-2314-F8BE-4CCFA4CAB11D}.Debug|Any CPU.ActiveCfg = Debug|Any CPU
		{0336C2FB-0DC3-2314-F8BE-4CCFA4CAB11D}.Debug|Any CPU.Build.0 = Debug|Any CPU
		{0336C2FB-0DC3-2314-F8BE-4CCFA4CAB11D}.Release|Any CPU.ActiveCfg = Release|Any CPU
		{0336C2FB-0DC3-2314-F8BE-4CCFA4CAB11D}.Release|Any CPU.Build.0 = Release|Any CPU
		{11239451-3323-4102-5A6E-7D292A749BAF}.Debug|Any CPU.ActiveCfg = Debug|Any CPU
		{11239451-3323-4102-5A6E-7D292A749BAF}.Debug|Any CPU.Build.0 = Debug|Any CPU
		{11239451-3323-4102-5A6E-7D292A749BAF}.Release|Any CPU.ActiveCfg = Release|Any CPU
		{11239451-3323-4102-5A6E-7D292A749BAF}.Release|Any CPU.Build.0 = Release|Any CPU
		{CEE5E38C-4081-8D97-EF55-3977FF81C3C4}.Debug|Any CPU.ActiveCfg = Debug|Any CPU
		{CEE5E38C-4081-8D97-EF55-3977FF81C3C4}.Debug|Any CPU.Build.0 = Debug|Any CPU
		{CEE5E38C-4081-8D97-EF55-3977FF81C3C4}.Release|Any CPU.ActiveCfg = Release|Any CPU
		{CEE5E38C-4081-8D97-EF55-3977FF81C3C4}.Release|Any CPU.Build.0 = Release|Any CPU
		{C54F1BCC-0158-1EFE-8FF1-5FCACA39CF7F}.Debug|Any CPU.ActiveCfg = Debug|Any CPU
		{C54F1BCC-0158-1EFE-8FF1-5FCACA39CF7F}.Debug|Any CPU.Build.0 = Debug|Any CPU
		{C54F1BCC-0158-1EFE-8FF1-5FCACA39CF7F}.Release|Any CPU.ActiveCfg = Release|Any CPU
		{C54F1BCC-0158-1EFE-8FF1-5FCACA39CF7F}.Release|Any CPU.Build.0 = Release|Any CPU
		{9E63863F-446A-BCC6-392F-A3144D6E0F2F}.Debug|Any CPU.ActiveCfg = Debug|Any CPU
		{9E63863F-446A-BCC6-392F-A3144D6E0F2F}.Debug|Any CPU.Build.0 = Debug|Any CPU
		{9E63863F-446A-BCC6-392F-A3144D6E0F2F}.Release|Any CPU.ActiveCfg = Release|Any CPU
		{9E63863F-446A-BCC6-392F-A3144D6E0F2F}.Release|Any CPU.Build.0 = Release|Any CPU
		{407F70ED-BADD-6CD2-1957-1B10E2387DF4}.Debug|Any CPU.ActiveCfg = Debug|Any CPU
		{407F70ED-BADD-6CD2-1957-1B10E2387DF4}.Debug|Any CPU.Build.0 = Debug|Any CPU
		{407F70ED-BADD-6CD2-1957-1B10E2387DF4}.Release|Any CPU.ActiveCfg = Release|Any CPU
		{407F70ED-BADD-6CD2-1957-1B10E2387DF4}.Release|Any CPU.Build.0 = Release|Any CPU
	EndGlobalSection
	GlobalSection(SolutionProperties) = preSolution
		HideSolutionNode = FALSE
	EndGlobalSection
EndGlobal
